{
    "name": "todz",
    "version": "0.3.0",
    "lockfileVersion": 3,
    "requires": true,
    "packages": {
        "": {
            "name": "todz",
            "version": "0.3.0",
            "license": "MIT",
            "dependencies": {
                "mycro-db": "^1.2.5"
            },
            "bin": {
                "todz": "cli/todz.js"
            }
        },
        "node_modules/mycro-db": {
            "version": "1.2.5",
            "resolved": "https://registry.npmjs.org/mycro-db/-/mycro-db-1.2.5.tgz",
            "integrity": "sha512-WdDCxxgdprGQd8gUA0vwvDeuuAwOcuN0CoF9xs6sHrhgPDPioYe9arA4kEZl+ctNPKjYwlHfJ4TWPQ4q9xTrYw=="
        }
    }
}
