{
    "name": "todz",
    "version": "0.1.1",
    "lockfileVersion": 3,
    "requires": true,
    "packages": {
        "": {
            "name": "todz",
            "version": "0.1.1",
            "license": "MIT",
            "dependencies": {
                "mycro-db": "^0.3.2"
            },
            "bin": {
                "todz": "cli/todz.js"
            }
        },
        "node_modules/mycro-db": {
            "version": "0.3.2",
            "resolved": "https://registry.npmjs.org/mycro-db/-/mycro-db-0.3.2.tgz",
            "integrity": "sha512-qCmp1H036JvqTktlWpTKf2wRSB/VwAe/cTKF7Iak7oy+YVfdY48y7rNkAD33pDvifbEa8dEnULcKU9bHC8UqvQ=="
        }
    }
}
